// !$*UTF8*$!
{
	archiveVersion = 1;
	classes = {
	};
	objectVersion = 46;
	objects = {

/* Begin PBXBuildFile section */
		B00AD68B18C45E470005A552 /* Foundation.framework in Frameworks */ = {isa = PBXBuildFile; fileRef = B00AD68A18C45E470005A552 /* Foundation.framework */; };
		B00AD68D18C45E470005A552 /* CoreGraphics.framework in Frameworks */ = {isa = PBXBuildFile; fileRef = B00AD68C18C45E470005A552 /* CoreGraphics.framework */; };
		B00AD68F18C45E470005A552 /* UIKit.framework in Frameworks */ = {isa = PBXBuildFile; fileRef = B00AD68E18C45E470005A552 /* UIKit.framework */; };
		B00AD69118C45E470005A552 /* CoreData.framework in Frameworks */ = {isa = PBXBuildFile; fileRef = B00AD69018C45E470005A552 /* CoreData.framework */; };
		B00AD69718C45E470005A552 /* InfoPlist.strings in Resources */ = {isa = PBXBuildFile; fileRef = B00AD69518C45E470005A552 /* InfoPlist.strings */; };
		B00AD69918C45E470005A552 /* main.m in Sources */ = {isa = PBXBuildFile; fileRef = B00AD69818C45E470005A552 /* main.m */; };
		B00AD69D18C45E470005A552 /* AppDelegate.m in Sources */ = {isa = PBXBuildFile; fileRef = B00AD69C18C45E470005A552 /* AppDelegate.m */; };
		B00AD6A318C45E470005A552 /* InboxList.xcdatamodeld in Sources */ = {isa = PBXBuildFile; fileRef = B00AD6A118C45E470005A552 /* InboxList.xcdatamodeld */; };
		B00AD6A618C45E470005A552 /* ItemViewController.m in Sources */ = {isa = PBXBuildFile; fileRef = B00AD6A518C45E470005A552 /* ItemViewController.m */; };
		B00AD6A918C45E470005A552 /* ItemDetailViewController.m in Sources */ = {isa = PBXBuildFile; fileRef = B00AD6A818C45E470005A552 /* ItemDetailViewController.m */; };
		B00AD6AB18C45E470005A552 /* Images.xcassets in Resources */ = {isa = PBXBuildFile; fileRef = B00AD6AA18C45E470005A552 /* Images.xcassets */; };
		B00AD6B218C45E480005A552 /* XCTest.framework in Frameworks */ = {isa = PBXBuildFile; fileRef = B00AD6B118C45E480005A552 /* XCTest.framework */; };
		B00AD6B318C45E480005A552 /* Foundation.framework in Frameworks */ = {isa = PBXBuildFile; fileRef = B00AD68A18C45E470005A552 /* Foundation.framework */; };
		B00AD6B418C45E480005A552 /* UIKit.framework in Frameworks */ = {isa = PBXBuildFile; fileRef = B00AD68E18C45E470005A552 /* UIKit.framework */; };
		B00AD6B518C45E480005A552 /* CoreData.framework in Frameworks */ = {isa = PBXBuildFile; fileRef = B00AD69018C45E470005A552 /* CoreData.framework */; };
		B00AD6BD18C45E480005A552 /* InfoPlist.strings in Resources */ = {isa = PBXBuildFile; fileRef = B00AD6BB18C45E480005A552 /* InfoPlist.strings */; };
		B00AD6BF18C45E480005A552 /* InboxListTests.m in Sources */ = {isa = PBXBuildFile; fileRef = B00AD6BE18C45E480005A552 /* InboxListTests.m */; };
		B0264E2E19EE51620066C44E /* checked.png in Resources */ = {isa = PBXBuildFile; fileRef = B0264E2C19EE51620066C44E /* checked.png */; };
		B0264E2F19EE51620066C44E /* unchecked.png in Resources */ = {isa = PBXBuildFile; fileRef = B0264E2D19EE51620066C44E /* unchecked.png */; };
		B053050119EA486D00E87C64 /* InputFilterViewController.m in Sources */ = {isa = PBXBuildFile; fileRef = B053050019EA486D00E87C64 /* InputFilterViewController.m */; };
		B053050619EAB46600E87C64 /* FilterCell.m in Sources */ = {isa = PBXBuildFile; fileRef = B053050419EAB46600E87C64 /* FilterCell.m */; };
		B053050719EAB46600E87C64 /* FilterCell.xib in Resources */ = {isa = PBXBuildFile; fileRef = B053050519EAB46600E87C64 /* FilterCell.xib */; };
		B0531996199FC79C00F63783 /* completedtab.png in Resources */ = {isa = PBXBuildFile; fileRef = B0531995199FC79C00F63783 /* completedtab.png */; };
		B053199A199FC92C00F63783 /* filtertab.png in Resources */ = {isa = PBXBuildFile; fileRef = B0531997199FC92C00F63783 /* filtertab.png */; };
		B053199B199FC92C00F63783 /* itemtab.png in Resources */ = {isa = PBXBuildFile; fileRef = B0531998199FC92C00F63783 /* itemtab.png */; };
		B053199C199FC92C00F63783 /* tagtab.png in Resources */ = {isa = PBXBuildFile; fileRef = B0531999199FC92C00F63783 /* tagtab.png */; };
		B05319A0199FD46F00F63783 /* InputTagViewController.m in Sources */ = {isa = PBXBuildFile; fileRef = B053199E199FD46F00F63783 /* InputTagViewController.m */; };
		B05319A1199FD46F00F63783 /* InputTagViewController.xib in Resources */ = {isa = PBXBuildFile; fileRef = B053199F199FD46F00F63783 /* InputTagViewController.xib */; };
		B056F7CA198D394800768E8E /* TagCell.xib in Resources */ = {isa = PBXBuildFile; fileRef = B056F7C9198D394800768E8E /* TagCell.xib */; };
		B05FA8231982B20C00E25FAF /* TabBar.m in Sources */ = {isa = PBXBuildFile; fileRef = B05FA8221982B20C00E25FAF /* TabBar.m */; };
		B06894E7198D544F000A4DCB /* ItemDetailViewController.xib in Resources */ = {isa = PBXBuildFile; fileRef = B06894E6198D544F000A4DCB /* ItemDetailViewController.xib */; };
		B06D719A198D3BDA001A9F91 /* TagCell.m in Sources */ = {isa = PBXBuildFile; fileRef = B06D7199198D3BDA001A9F91 /* TagCell.m */; };
		B06D719D198D43A8001A9F91 /* ItemCell.xib in Resources */ = {isa = PBXBuildFile; fileRef = B06D719C198D43A8001A9F91 /* ItemCell.xib */; };
		B0808049195825A3007D21E4 /* TagViewController.m in Sources */ = {isa = PBXBuildFile; fileRef = B0808048195825A3007D21E4 /* TagViewController.m */; };
		B080804C19582CF6007D21E4 /* MainViewController.m in Sources */ = {isa = PBXBuildFile; fileRef = B080804B19582CF6007D21E4 /* MainViewController.m */; };
		B083521419CD59EC00071EE0 /* InputHeaderCell.m in Sources */ = {isa = PBXBuildFile; fileRef = B083521219CD59EC00071EE0 /* InputHeaderCell.m */; };
		B083521519CD59EC00071EE0 /* InputHeaderCell.xib in Resources */ = {isa = PBXBuildFile; fileRef = B083521319CD59EC00071EE0 /* InputHeaderCell.xib */; };
		B08C33A519A84E4F00AB5F25 /* ItemNavigationController.m in Sources */ = {isa = PBXBuildFile; fileRef = B08C33A419A84E4F00AB5F25 /* ItemNavigationController.m */; };
		B08CDBB019C553CC008263AC /* ItemDetailTitleCell.m in Sources */ = {isa = PBXBuildFile; fileRef = B08CDBAE19C553CC008263AC /* ItemDetailTitleCell.m */; };
		B08CDBB119C553CC008263AC /* ItemDetailTitleCell.xib in Resources */ = {isa = PBXBuildFile; fileRef = B08CDBAF19C553CC008263AC /* ItemDetailTitleCell.xib */; };
		B08CDBB619C559B8008263AC /* ItemDetailTagCell.m in Sources */ = {isa = PBXBuildFile; fileRef = B08CDBB419C559B8008263AC /* ItemDetailTagCell.m */; };
		B08CDBB719C559B8008263AC /* ItemDetailTagCell.xib in Resources */ = {isa = PBXBuildFile; fileRef = B08CDBB519C559B8008263AC /* ItemDetailTagCell.xib */; };
		B08CDBBC19C55BAF008263AC /* ItemDetailDateCell.m in Sources */ = {isa = PBXBuildFile; fileRef = B08CDBBA19C55BAF008263AC /* ItemDetailDateCell.m */; };
		B08CDBBD19C55BAF008263AC /* ItemDetailDateCell.xib in Resources */ = {isa = PBXBuildFile; fileRef = B08CDBBB19C55BAF008263AC /* ItemDetailDateCell.xib */; };
		B08CDBC219C55BED008263AC /* ItemDetailDatePickerCell.m in Sources */ = {isa = PBXBuildFile; fileRef = B08CDBC019C55BED008263AC /* ItemDetailDatePickerCell.m */; };
		B08CDBC319C55BED008263AC /* ItemDetailDatePickerCell.xib in Resources */ = {isa = PBXBuildFile; fileRef = B08CDBC119C55BED008263AC /* ItemDetailDatePickerCell.xib */; };
		B08EBBC119703EB200DB9582 /* FilterViewController.m in Sources */ = {isa = PBXBuildFile; fileRef = B08EBBC019703EB200DB9582 /* FilterViewController.m */; };
		B08F4B651915FAC80047E210 /* NavigationController.m in Sources */ = {isa = PBXBuildFile; fileRef = B08F4B641915FAC80047E210 /* NavigationController.m */; };
		B0AD8C7919D12C070069B29D /* TagLabel.m in Sources */ = {isa = PBXBuildFile; fileRef = B0AD8C7819D12C070069B29D /* TagLabel.m */; };
		B0BC6A8C19A9CDC700E53AEF /* TagSelectViewController.m in Sources */ = {isa = PBXBuildFile; fileRef = B0BC6A8A19A9CDC700E53AEF /* TagSelectViewController.m */; };
		B0BC6A8D19A9CDC700E53AEF /* TagSelectViewController.xib in Resources */ = {isa = PBXBuildFile; fileRef = B0BC6A8B19A9CDC700E53AEF /* TagSelectViewController.xib */; };
		B0BC6A9219A9FA9800E53AEF /* TagSelectCell.m in Sources */ = {isa = PBXBuildFile; fileRef = B0BC6A9019A9FA9800E53AEF /* TagSelectCell.m */; };
		B0BC6A9319A9FA9800E53AEF /* TagSelectCell.xib in Resources */ = {isa = PBXBuildFile; fileRef = B0BC6A9119A9FA9800E53AEF /* TagSelectCell.xib */; };
		B0BDA88119965639003AA40B /* CoreDataController.m in Sources */ = {isa = PBXBuildFile; fileRef = B0BDA88019965639003AA40B /* CoreDataController.m */; };
		B0BE423A19E2E62C0033F169 /* ListViewController.m in Sources */ = {isa = PBXBuildFile; fileRef = B0BE423919E2E62C0033F169 /* ListViewController.m */; };
		B0C95D6719D5661C00F32F6C /* Tag.m in Sources */ = {isa = PBXBuildFile; fileRef = B0C95D6619D5661C00F32F6C /* Tag.m */; };
		B0C95D6A19D5667700F32F6C /* Item.m in Sources */ = {isa = PBXBuildFile; fileRef = B0C95D6919D5667700F32F6C /* Item.m */; };
		B0C95D6D19D5667800F32F6C /* Filter.m in Sources */ = {isa = PBXBuildFile; fileRef = B0C95D6C19D5667800F32F6C /* Filter.m */; };
		B0D7BFAC19F245A6006EDCAB /* EditBarItem.png in Resources */ = {isa = PBXBuildFile; fileRef = B0D7BFAB19F245A6006EDCAB /* EditBarItem.png */; };
		B0D7BFAE19F24C79006EDCAB /* FilterTabBarItem.png in Resources */ = {isa = PBXBuildFile; fileRef = B0D7BFAD19F24C79006EDCAB /* FilterTabBarItem.png */; };
		B0D7BFB019F256CD006EDCAB /* ItemTabBarItem.png in Resources */ = {isa = PBXBuildFile; fileRef = B0D7BFAF19F256CD006EDCAB /* ItemTabBarItem.png */; };
		B0D7BFB219F256DA006EDCAB /* TagTabBarItem.png in Resources */ = {isa = PBXBuildFile; fileRef = B0D7BFB119F256DA006EDCAB /* TagTabBarItem.png */; };
		B0DABFAD1914CC50007597E3 /* ItemCell.m in Sources */ = {isa = PBXBuildFile; fileRef = B0DABFAC1914CC50007597E3 /* ItemCell.m */; };
		B0E4690E19A84B99008B3150 /* TagNavigationController.m in Sources */ = {isa = PBXBuildFile; fileRef = B0E4690D19A84B99008B3150 /* TagNavigationController.m */; };
		B0E4691419A84BC3008B3150 /* FilterNavigationController.m in Sources */ = {isa = PBXBuildFile; fileRef = B0E4691319A84BC3008B3150 /* FilterNavigationController.m */; };
		B0E532FD19E38C49005A53B1 /* CompleteViewController.m in Sources */ = {isa = PBXBuildFile; fileRef = B0E532FC19E38C49005A53B1 /* CompleteViewController.m */; };
		B0E5330019E398ED005A53B1 /* CompleteNavigationController.m in Sources */ = {isa = PBXBuildFile; fileRef = B0E532FF19E398ED005A53B1 /* CompleteNavigationController.m */; };
		B0E5330819E3EC85005A53B1 /* CompleteCell.m in Sources */ = {isa = PBXBuildFile; fileRef = B0E5330619E3EC85005A53B1 /* CompleteCell.m */; };
		B0E5330919E3EC85005A53B1 /* CompleteCell.xib in Resources */ = {isa = PBXBuildFile; fileRef = B0E5330719E3EC85005A53B1 /* CompleteCell.xib */; };
/* End PBXBuildFile section */

/* Begin PBXContainerItemProxy section */
		B00AD6B618C45E480005A552 /* PBXContainerItemProxy */ = {
			isa = PBXContainerItemProxy;
			containerPortal = B00AD67F18C45E470005A552 /* Project object */;
			proxyType = 1;
			remoteGlobalIDString = B00AD68618C45E470005A552;
			remoteInfo = InboxList;
		};
/* End PBXContainerItemProxy section */

/* Begin PBXFileReference section */
		B00AD68718C45E470005A552 /* FilterList.app */ = {isa = PBXFileReference; explicitFileType = wrapper.application; includeInIndex = 0; path = FilterList.app; sourceTree = BUILT_PRODUCTS_DIR; };
		B00AD68A18C45E470005A552 /* Foundation.framework */ = {isa = PBXFileReference; lastKnownFileType = wrapper.framework; name = Foundation.framework; path = System/Library/Frameworks/Foundation.framework; sourceTree = SDKROOT; };
		B00AD68C18C45E470005A552 /* CoreGraphics.framework */ = {isa = PBXFileReference; lastKnownFileType = wrapper.framework; name = CoreGraphics.framework; path = System/Library/Frameworks/CoreGraphics.framework; sourceTree = SDKROOT; };
		B00AD68E18C45E470005A552 /* UIKit.framework */ = {isa = PBXFileReference; lastKnownFileType = wrapper.framework; name = UIKit.framework; path = System/Library/Frameworks/UIKit.framework; sourceTree = SDKROOT; };
		B00AD69018C45E470005A552 /* CoreData.framework */ = {isa = PBXFileReference; lastKnownFileType = wrapper.framework; name = CoreData.framework; path = System/Library/Frameworks/CoreData.framework; sourceTree = SDKROOT; };
		B00AD69418C45E470005A552 /* FilterList-Info.plist */ = {isa = PBXFileReference; lastKnownFileType = text.plist.xml; path = "FilterList-Info.plist"; sourceTree = "<group>"; };
		B00AD69618C45E470005A552 /* en */ = {isa = PBXFileReference; lastKnownFileType = text.plist.strings; name = en; path = en.lproj/InfoPlist.strings; sourceTree = "<group>"; };
		B00AD69818C45E470005A552 /* main.m */ = {isa = PBXFileReference; lastKnownFileType = sourcecode.c.objc; path = main.m; sourceTree = "<group>"; };
		B00AD69A18C45E470005A552 /* FilterList-Prefix.pch */ = {isa = PBXFileReference; lastKnownFileType = sourcecode.c.h; path = "FilterList-Prefix.pch"; sourceTree = "<group>"; };
		B00AD69B18C45E470005A552 /* AppDelegate.h */ = {isa = PBXFileReference; lastKnownFileType = sourcecode.c.h; path = AppDelegate.h; sourceTree = "<group>"; };
		B00AD69C18C45E470005A552 /* AppDelegate.m */ = {isa = PBXFileReference; lastKnownFileType = sourcecode.c.objc; path = AppDelegate.m; sourceTree = "<group>"; };
		B00AD6A218C45E470005A552 /* InboxList.xcdatamodel */ = {isa = PBXFileReference; lastKnownFileType = wrapper.xcdatamodel; path = InboxList.xcdatamodel; sourceTree = "<group>"; };
		B00AD6A418C45E470005A552 /* ItemViewController.h */ = {isa = PBXFileReference; lastKnownFileType = sourcecode.c.h; path = ItemViewController.h; sourceTree = "<group>"; };
		B00AD6A518C45E470005A552 /* ItemViewController.m */ = {isa = PBXFileReference; lastKnownFileType = sourcecode.c.objc; path = ItemViewController.m; sourceTree = "<group>"; wrapsLines = 0; };
		B00AD6A718C45E470005A552 /* ItemDetailViewController.h */ = {isa = PBXFileReference; lastKnownFileType = sourcecode.c.h; path = ItemDetailViewController.h; sourceTree = "<group>"; };
		B00AD6A818C45E470005A552 /* ItemDetailViewController.m */ = {isa = PBXFileReference; lastKnownFileType = sourcecode.c.objc; path = ItemDetailViewController.m; sourceTree = "<group>"; };
		B00AD6AA18C45E470005A552 /* Images.xcassets */ = {isa = PBXFileReference; lastKnownFileType = folder.assetcatalog; path = Images.xcassets; sourceTree = "<group>"; };
		B00AD6B018C45E480005A552 /* FilterListTests.xctest */ = {isa = PBXFileReference; explicitFileType = wrapper.cfbundle; includeInIndex = 0; path = FilterListTests.xctest; sourceTree = BUILT_PRODUCTS_DIR; };
		B00AD6B118C45E480005A552 /* XCTest.framework */ = {isa = PBXFileReference; lastKnownFileType = wrapper.framework; name = XCTest.framework; path = Library/Frameworks/XCTest.framework; sourceTree = DEVELOPER_DIR; };
		B00AD6BA18C45E480005A552 /* FilterListTests-Info.plist */ = {isa = PBXFileReference; lastKnownFileType = text.plist.xml; path = "FilterListTests-Info.plist"; sourceTree = "<group>"; };
		B00AD6BC18C45E480005A552 /* en */ = {isa = PBXFileReference; lastKnownFileType = text.plist.strings; name = en; path = en.lproj/InfoPlist.strings; sourceTree = "<group>"; };
		B00AD6BE18C45E480005A552 /* InboxListTests.m */ = {isa = PBXFileReference; lastKnownFileType = sourcecode.c.objc; path = InboxListTests.m; sourceTree = "<group>"; };
		B0264E2C19EE51620066C44E /* checked.png */ = {isa = PBXFileReference; lastKnownFileType = image.png; name = checked.png; path = ../../../Desktop/checked.png; sourceTree = "<group>"; };
		B0264E2D19EE51620066C44E /* unchecked.png */ = {isa = PBXFileReference; lastKnownFileType = image.png; name = unchecked.png; path = ../../../Desktop/unchecked.png; sourceTree = "<group>"; };
		B05304FF19EA486D00E87C64 /* InputFilterViewController.h */ = {isa = PBXFileReference; fileEncoding = 4; lastKnownFileType = sourcecode.c.h; path = InputFilterViewController.h; sourceTree = "<group>"; };
		B053050019EA486D00E87C64 /* InputFilterViewController.m */ = {isa = PBXFileReference; fileEncoding = 4; lastKnownFileType = sourcecode.c.objc; path = InputFilterViewController.m; sourceTree = "<group>"; };
		B053050319EAB46600E87C64 /* FilterCell.h */ = {isa = PBXFileReference; fileEncoding = 4; lastKnownFileType = sourcecode.c.h; path = FilterCell.h; sourceTree = "<group>"; };
		B053050419EAB46600E87C64 /* FilterCell.m */ = {isa = PBXFileReference; fileEncoding = 4; lastKnownFileType = sourcecode.c.objc; path = FilterCell.m; sourceTree = "<group>"; };
		B053050519EAB46600E87C64 /* FilterCell.xib */ = {isa = PBXFileReference; fileEncoding = 4; lastKnownFileType = file.xib; path = FilterCell.xib; sourceTree = "<group>"; };
		B0531995199FC79C00F63783 /* completedtab.png */ = {isa = PBXFileReference; lastKnownFileType = image.png; path = completedtab.png; sourceTree = "<group>"; };
		B0531997199FC92C00F63783 /* filtertab.png */ = {isa = PBXFileReference; lastKnownFileType = image.png; path = filtertab.png; sourceTree = "<group>"; };
		B0531998199FC92C00F63783 /* itemtab.png */ = {isa = PBXFileReference; lastKnownFileType = image.png; path = itemtab.png; sourceTree = "<group>"; };
		B0531999199FC92C00F63783 /* tagtab.png */ = {isa = PBXFileReference; lastKnownFileType = image.png; path = tagtab.png; sourceTree = "<group>"; };
		B053199D199FD46F00F63783 /* InputTagViewController.h */ = {isa = PBXFileReference; fileEncoding = 4; lastKnownFileType = sourcecode.c.h; path = InputTagViewController.h; sourceTree = "<group>"; };
		B053199E199FD46F00F63783 /* InputTagViewController.m */ = {isa = PBXFileReference; fileEncoding = 4; lastKnownFileType = sourcecode.c.objc; path = InputTagViewController.m; sourceTree = "<group>"; };
		B053199F199FD46F00F63783 /* InputTagViewController.xib */ = {isa = PBXFileReference; fileEncoding = 4; lastKnownFileType = file.xib; path = InputTagViewController.xib; sourceTree = "<group>"; };
		B053C91B19557C1600C51AA1 /* Header.h */ = {isa = PBXFileReference; lastKnownFileType = sourcecode.c.h; path = Header.h; sourceTree = "<group>"; };
		B056F7C9198D394800768E8E /* TagCell.xib */ = {isa = PBXFileReference; fileEncoding = 4; lastKnownFileType = file.xib; path = TagCell.xib; sourceTree = "<group>"; };
		B05FA8211982B20200E25FAF /* TabBar.h */ = {isa = PBXFileReference; fileEncoding = 4; lastKnownFileType = sourcecode.c.h; name = TabBar.h; path = InboxList/TabBar.h; sourceTree = "<group>"; };
		B05FA8221982B20C00E25FAF /* TabBar.m */ = {isa = PBXFileReference; fileEncoding = 4; lastKnownFileType = sourcecode.c.objc; name = TabBar.m; path = InboxList/TabBar.m; sourceTree = "<group>"; };
		B06894E6198D544F000A4DCB /* ItemDetailViewController.xib */ = {isa = PBXFileReference; fileEncoding = 4; lastKnownFileType = file.xib; path = ItemDetailViewController.xib; sourceTree = "<group>"; };
		B06D7198198D3BDA001A9F91 /* TagCell.h */ = {isa = PBXFileReference; fileEncoding = 4; lastKnownFileType = sourcecode.c.h; path = TagCell.h; sourceTree = "<group>"; };
		B06D7199198D3BDA001A9F91 /* TagCell.m */ = {isa = PBXFileReference; fileEncoding = 4; lastKnownFileType = sourcecode.c.objc; path = TagCell.m; sourceTree = "<group>"; };
		B06D719C198D43A8001A9F91 /* ItemCell.xib */ = {isa = PBXFileReference; fileEncoding = 4; lastKnownFileType = file.xib; path = ItemCell.xib; sourceTree = "<group>"; };
		B0808047195825A3007D21E4 /* TagViewController.h */ = {isa = PBXFileReference; fileEncoding = 4; lastKnownFileType = sourcecode.c.h; path = TagViewController.h; sourceTree = "<group>"; };
		B0808048195825A3007D21E4 /* TagViewController.m */ = {isa = PBXFileReference; fileEncoding = 4; lastKnownFileType = sourcecode.c.objc; path = TagViewController.m; sourceTree = "<group>"; };
		B080804A19582CF6007D21E4 /* MainViewController.h */ = {isa = PBXFileReference; fileEncoding = 4; lastKnownFileType = sourcecode.c.h; path = MainViewController.h; sourceTree = "<group>"; };
		B080804B19582CF6007D21E4 /* MainViewController.m */ = {isa = PBXFileReference; fileEncoding = 4; lastKnownFileType = sourcecode.c.objc; path = MainViewController.m; sourceTree = "<group>"; };
		B083521119CD59EC00071EE0 /* InputHeaderCell.h */ = {isa = PBXFileReference; fileEncoding = 4; lastKnownFileType = sourcecode.c.h; path = InputHeaderCell.h; sourceTree = "<group>"; };
		B083521219CD59EC00071EE0 /* InputHeaderCell.m */ = {isa = PBXFileReference; fileEncoding = 4; lastKnownFileType = sourcecode.c.objc; path = InputHeaderCell.m; sourceTree = "<group>"; };
		B083521319CD59EC00071EE0 /* InputHeaderCell.xib */ = {isa = PBXFileReference; fileEncoding = 4; lastKnownFileType = file.xib; path = InputHeaderCell.xib; sourceTree = "<group>"; };
		B08C33A319A84E4F00AB5F25 /* ItemNavigationController.h */ = {isa = PBXFileReference; fileEncoding = 4; lastKnownFileType = sourcecode.c.h; path = ItemNavigationController.h; sourceTree = "<group>"; };
		B08C33A419A84E4F00AB5F25 /* ItemNavigationController.m */ = {isa = PBXFileReference; fileEncoding = 4; lastKnownFileType = sourcecode.c.objc; path = ItemNavigationController.m; sourceTree = "<group>"; };
		B08CDBAD19C553CC008263AC /* ItemDetailTitleCell.h */ = {isa = PBXFileReference; fileEncoding = 4; lastKnownFileType = sourcecode.c.h; path = ItemDetailTitleCell.h; sourceTree = "<group>"; };
		B08CDBAE19C553CC008263AC /* ItemDetailTitleCell.m */ = {isa = PBXFileReference; fileEncoding = 4; lastKnownFileType = sourcecode.c.objc; path = ItemDetailTitleCell.m; sourceTree = "<group>"; };
		B08CDBAF19C553CC008263AC /* ItemDetailTitleCell.xib */ = {isa = PBXFileReference; fileEncoding = 4; lastKnownFileType = file.xib; path = ItemDetailTitleCell.xib; sourceTree = "<group>"; };
		B08CDBB319C559B8008263AC /* ItemDetailTagCell.h */ = {isa = PBXFileReference; fileEncoding = 4; lastKnownFileType = sourcecode.c.h; path = ItemDetailTagCell.h; sourceTree = "<group>"; };
		B08CDBB419C559B8008263AC /* ItemDetailTagCell.m */ = {isa = PBXFileReference; fileEncoding = 4; lastKnownFileType = sourcecode.c.objc; path = ItemDetailTagCell.m; sourceTree = "<group>"; };
		B08CDBB519C559B8008263AC /* ItemDetailTagCell.xib */ = {isa = PBXFileReference; fileEncoding = 4; lastKnownFileType = file.xib; path = ItemDetailTagCell.xib; sourceTree = "<group>"; };
		B08CDBB919C55BAF008263AC /* ItemDetailDateCell.h */ = {isa = PBXFileReference; fileEncoding = 4; lastKnownFileType = sourcecode.c.h; path = ItemDetailDateCell.h; sourceTree = "<group>"; };
		B08CDBBA19C55BAF008263AC /* ItemDetailDateCell.m */ = {isa = PBXFileReference; fileEncoding = 4; lastKnownFileType = sourcecode.c.objc; path = ItemDetailDateCell.m; sourceTree = "<group>"; };
		B08CDBBB19C55BAF008263AC /* ItemDetailDateCell.xib */ = {isa = PBXFileReference; fileEncoding = 4; lastKnownFileType = file.xib; path = ItemDetailDateCell.xib; sourceTree = "<group>"; };
		B08CDBBF19C55BED008263AC /* ItemDetailDatePickerCell.h */ = {isa = PBXFileReference; fileEncoding = 4; lastKnownFileType = sourcecode.c.h; path = ItemDetailDatePickerCell.h; sourceTree = "<group>"; };
		B08CDBC019C55BED008263AC /* ItemDetailDatePickerCell.m */ = {isa = PBXFileReference; fileEncoding = 4; lastKnownFileType = sourcecode.c.objc; path = ItemDetailDatePickerCell.m; sourceTree = "<group>"; };
		B08CDBC119C55BED008263AC /* ItemDetailDatePickerCell.xib */ = {isa = PBXFileReference; fileEncoding = 4; lastKnownFileType = file.xib; path = ItemDetailDatePickerCell.xib; sourceTree = "<group>"; };
		B08EBBBF19703EB200DB9582 /* FilterViewController.h */ = {isa = PBXFileReference; fileEncoding = 4; lastKnownFileType = sourcecode.c.h; path = FilterViewController.h; sourceTree = "<group>"; };
		B08EBBC019703EB200DB9582 /* FilterViewController.m */ = {isa = PBXFileReference; fileEncoding = 4; lastKnownFileType = sourcecode.c.objc; path = FilterViewController.m; sourceTree = "<group>"; };
		B08F4B631915FAC80047E210 /* NavigationController.h */ = {isa = PBXFileReference; fileEncoding = 4; lastKnownFileType = sourcecode.c.h; path = NavigationController.h; sourceTree = "<group>"; };
		B08F4B641915FAC80047E210 /* NavigationController.m */ = {isa = PBXFileReference; fileEncoding = 4; lastKnownFileType = sourcecode.c.objc; path = NavigationController.m; sourceTree = "<group>"; };
		B08F791B19A8286900145F75 /* Configure.h */ = {isa = PBXFileReference; lastKnownFileType = sourcecode.c.h; path = Configure.h; sourceTree = "<group>"; };
		B0981E36194D5FF000F49C9F /* InboxList 2.xcdatamodel */ = {isa = PBXFileReference; lastKnownFileType = wrapper.xcdatamodel; path = "InboxList 2.xcdatamodel"; sourceTree = "<group>"; };
		B0AD8C7719D12C070069B29D /* TagLabel.h */ = {isa = PBXFileReference; fileEncoding = 4; lastKnownFileType = sourcecode.c.h; path = TagLabel.h; sourceTree = "<group>"; };
		B0AD8C7819D12C070069B29D /* TagLabel.m */ = {isa = PBXFileReference; fileEncoding = 4; lastKnownFileType = sourcecode.c.objc; path = TagLabel.m; sourceTree = "<group>"; };
		B0BC6A8919A9CDC700E53AEF /* TagSelectViewController.h */ = {isa = PBXFileReference; fileEncoding = 4; lastKnownFileType = sourcecode.c.h; path = TagSelectViewController.h; sourceTree = "<group>"; };
		B0BC6A8A19A9CDC700E53AEF /* TagSelectViewController.m */ = {isa = PBXFileReference; fileEncoding = 4; lastKnownFileType = sourcecode.c.objc; path = TagSelectViewController.m; sourceTree = "<group>"; };
		B0BC6A8B19A9CDC700E53AEF /* TagSelectViewController.xib */ = {isa = PBXFileReference; fileEncoding = 4; lastKnownFileType = file.xib; path = TagSelectViewController.xib; sourceTree = "<group>"; };
		B0BC6A8F19A9FA9800E53AEF /* TagSelectCell.h */ = {isa = PBXFileReference; fileEncoding = 4; lastKnownFileType = sourcecode.c.h; path = TagSelectCell.h; sourceTree = "<group>"; };
		B0BC6A9019A9FA9800E53AEF /* TagSelectCell.m */ = {isa = PBXFileReference; fileEncoding = 4; lastKnownFileType = sourcecode.c.objc; path = TagSelectCell.m; sourceTree = "<group>"; };
		B0BC6A9119A9FA9800E53AEF /* TagSelectCell.xib */ = {isa = PBXFileReference; fileEncoding = 4; lastKnownFileType = file.xib; path = TagSelectCell.xib; sourceTree = "<group>"; };
		B0BDA87F19965639003AA40B /* CoreDataController.h */ = {isa = PBXFileReference; fileEncoding = 4; lastKnownFileType = sourcecode.c.h; path = CoreDataController.h; sourceTree = "<group>"; };
		B0BDA88019965639003AA40B /* CoreDataController.m */ = {isa = PBXFileReference; fileEncoding = 4; lastKnownFileType = sourcecode.c.objc; path = CoreDataController.m; sourceTree = "<group>"; };
		B0BE423819E2E62C0033F169 /* ListViewController.h */ = {isa = PBXFileReference; fileEncoding = 4; lastKnownFileType = sourcecode.c.h; path = ListViewController.h; sourceTree = "<group>"; };
		B0BE423919E2E62C0033F169 /* ListViewController.m */ = {isa = PBXFileReference; fileEncoding = 4; lastKnownFileType = sourcecode.c.objc; path = ListViewController.m; sourceTree = "<group>"; };
		B0C95D6519D5661C00F32F6C /* Tag.h */ = {isa = PBXFileReference; fileEncoding = 4; lastKnownFileType = sourcecode.c.h; path = Tag.h; sourceTree = "<group>"; };
		B0C95D6619D5661C00F32F6C /* Tag.m */ = {isa = PBXFileReference; fileEncoding = 4; lastKnownFileType = sourcecode.c.objc; path = Tag.m; sourceTree = "<group>"; };
		B0C95D6819D5667700F32F6C /* Item.h */ = {isa = PBXFileReference; fileEncoding = 4; lastKnownFileType = sourcecode.c.h; path = Item.h; sourceTree = "<group>"; };
		B0C95D6919D5667700F32F6C /* Item.m */ = {isa = PBXFileReference; fileEncoding = 4; lastKnownFileType = sourcecode.c.objc; path = Item.m; sourceTree = "<group>"; };
		B0C95D6B19D5667800F32F6C /* Filter.h */ = {isa = PBXFileReference; fileEncoding = 4; lastKnownFileType = sourcecode.c.h; path = Filter.h; sourceTree = "<group>"; };
		B0C95D6C19D5667800F32F6C /* Filter.m */ = {isa = PBXFileReference; fileEncoding = 4; lastKnownFileType = sourcecode.c.objc; path = Filter.m; sourceTree = "<group>"; };
		B0D7BFAB19F245A6006EDCAB /* EditBarItem.png */ = {isa = PBXFileReference; lastKnownFileType = image.png; name = EditBarItem.png; path = Icon/EditBarItem.png; sourceTree = SOURCE_ROOT; };
		B0D7BFAD19F24C79006EDCAB /* FilterTabBarItem.png */ = {isa = PBXFileReference; lastKnownFileType = image.png; name = FilterTabBarItem.png; path = Icon/FilterTabBarItem.png; sourceTree = SOURCE_ROOT; };
		B0D7BFAF19F256CD006EDCAB /* ItemTabBarItem.png */ = {isa = PBXFileReference; lastKnownFileType = image.png; name = ItemTabBarItem.png; path = Icon/ItemTabBarItem.png; sourceTree = SOURCE_ROOT; };
		B0D7BFB119F256DA006EDCAB /* TagTabBarItem.png */ = {isa = PBXFileReference; lastKnownFileType = image.png; name = TagTabBarItem.png; path = Icon/TagTabBarItem.png; sourceTree = SOURCE_ROOT; };
		B0DABFAB1914CC50007597E3 /* ItemCell.h */ = {isa = PBXFileReference; fileEncoding = 4; lastKnownFileType = sourcecode.c.h; path = ItemCell.h; sourceTree = "<group>"; };
		B0DABFAC1914CC50007597E3 /* ItemCell.m */ = {isa = PBXFileReference; fileEncoding = 4; lastKnownFileType = sourcecode.c.objc; path = ItemCell.m; sourceTree = "<group>"; };
		B0E4690C19A84B99008B3150 /* TagNavigationController.h */ = {isa = PBXFileReference; fileEncoding = 4; lastKnownFileType = sourcecode.c.h; path = TagNavigationController.h; sourceTree = "<group>"; };
		B0E4690D19A84B99008B3150 /* TagNavigationController.m */ = {isa = PBXFileReference; fileEncoding = 4; lastKnownFileType = sourcecode.c.objc; path = TagNavigationController.m; sourceTree = "<group>"; };
		B0E4691219A84BC3008B3150 /* FilterNavigationController.h */ = {isa = PBXFileReference; fileEncoding = 4; lastKnownFileType = sourcecode.c.h; path = FilterNavigationController.h; sourceTree = "<group>"; };
		B0E4691319A84BC3008B3150 /* FilterNavigationController.m */ = {isa = PBXFileReference; fileEncoding = 4; lastKnownFileType = sourcecode.c.objc; path = FilterNavigationController.m; sourceTree = "<group>"; };
		B0E532FB19E38C49005A53B1 /* CompleteViewController.h */ = {isa = PBXFileReference; fileEncoding = 4; lastKnownFileType = sourcecode.c.h; path = CompleteViewController.h; sourceTree = "<group>"; };
		B0E532FC19E38C49005A53B1 /* CompleteViewController.m */ = {isa = PBXFileReference; fileEncoding = 4; lastKnownFileType = sourcecode.c.objc; path = CompleteViewController.m; sourceTree = "<group>"; };
		B0E532FE19E398ED005A53B1 /* CompleteNavigationController.h */ = {isa = PBXFileReference; fileEncoding = 4; lastKnownFileType = sourcecode.c.h; path = CompleteNavigationController.h; sourceTree = "<group>"; };
		B0E532FF19E398ED005A53B1 /* CompleteNavigationController.m */ = {isa = PBXFileReference; fileEncoding = 4; lastKnownFileType = sourcecode.c.objc; path = CompleteNavigationController.m; sourceTree = "<group>"; };
		B0E5330519E3EC85005A53B1 /* CompleteCell.h */ = {isa = PBXFileReference; fileEncoding = 4; lastKnownFileType = sourcecode.c.h; path = CompleteCell.h; sourceTree = "<group>"; };
		B0E5330619E3EC85005A53B1 /* CompleteCell.m */ = {isa = PBXFileReference; fileEncoding = 4; lastKnownFileType = sourcecode.c.objc; path = CompleteCell.m; sourceTree = "<group>"; };
		B0E5330719E3EC85005A53B1 /* CompleteCell.xib */ = {isa = PBXFileReference; fileEncoding = 4; lastKnownFileType = file.xib; path = CompleteCell.xib; sourceTree = "<group>"; };
/* End PBXFileReference section */

/* Begin PBXFrameworksBuildPhase section */
		B00AD68418C45E470005A552 /* Frameworks */ = {
			isa = PBXFrameworksBuildPhase;
			buildActionMask = 2147483647;
			files = (
				B00AD68D18C45E470005A552 /* CoreGraphics.framework in Frameworks */,
				B00AD69118C45E470005A552 /* CoreData.framework in Frameworks */,
				B00AD68F18C45E470005A552 /* UIKit.framework in Frameworks */,
				B00AD68B18C45E470005A552 /* Foundation.framework in Frameworks */,
			);
			runOnlyForDeploymentPostprocessing = 0;
		};
		B00AD6AD18C45E480005A552 /* Frameworks */ = {
			isa = PBXFrameworksBuildPhase;
			buildActionMask = 2147483647;
			files = (
				B00AD6B218C45E480005A552 /* XCTest.framework in Frameworks */,
				B00AD6B518C45E480005A552 /* CoreData.framework in Frameworks */,
				B00AD6B418C45E480005A552 /* UIKit.framework in Frameworks */,
				B00AD6B318C45E480005A552 /* Foundation.framework in Frameworks */,
			);
			runOnlyForDeploymentPostprocessing = 0;
		};
/* End PBXFrameworksBuildPhase section */

/* Begin PBXGroup section */
		B00AD67E18C45E470005A552 = {
			isa = PBXGroup;
			children = (
				B00AD69218C45E470005A552 /* FilterList */,
				B00AD6B818C45E480005A552 /* FilterListTests */,
				B00AD68918C45E470005A552 /* Frameworks */,
				B00AD68818C45E470005A552 /* Products */,
			);
			sourceTree = "<group>";
		};
		B00AD68818C45E470005A552 /* Products */ = {
			isa = PBXGroup;
			children = (
				B00AD68718C45E470005A552 /* FilterList.app */,
				B00AD6B018C45E480005A552 /* FilterListTests.xctest */,
			);
			name = Products;
			sourceTree = "<group>";
		};
		B00AD68918C45E470005A552 /* Frameworks */ = {
			isa = PBXGroup;
			children = (
				B00AD68A18C45E470005A552 /* Foundation.framework */,
				B00AD68C18C45E470005A552 /* CoreGraphics.framework */,
				B00AD68E18C45E470005A552 /* UIKit.framework */,
				B00AD69018C45E470005A552 /* CoreData.framework */,
				B00AD6B118C45E480005A552 /* XCTest.framework */,
			);
			name = Frameworks;
			sourceTree = "<group>";
		};
		B00AD69218C45E470005A552 /* FilterList */ = {
			isa = PBXGroup;
			children = (
				B053C91B19557C1600C51AA1 /* Header.h */,
				B08F791B19A8286900145F75 /* Configure.h */,
				B080804A19582CF6007D21E4 /* MainViewController.h */,
				B080804B19582CF6007D21E4 /* MainViewController.m */,
				B0BDA8821996563C003AA40B /* CoreData */,
				B08EBBC419703ED700DB9582 /* AppDelegate */,
				B0C93A1A194C4AB600733BE7 /* NavigationController */,
				B0A0914E19CD322E005CDCF8 /* ListModeViewController */,
				B0AD8C7619D12BDC0069B29D /* Utility */,
				B05FA8201982AE8900E25FAF /* TabBar */,
				B03F2BD2194D75F40037AE2C /* Resource */,
				B00AD6AA18C45E470005A552 /* Images.xcassets */,
				B00AD6A118C45E470005A552 /* InboxList.xcdatamodeld */,
				B00AD69318C45E470005A552 /* Supporting Files */,
			);
			name = FilterList;
			path = InboxList;
			sourceTree = "<group>";
		};
		B00AD69318C45E470005A552 /* Supporting Files */ = {
			isa = PBXGroup;
			children = (
				B00AD69418C45E470005A552 /* FilterList-Info.plist */,
				B00AD69518C45E470005A552 /* InfoPlist.strings */,
				B00AD69818C45E470005A552 /* main.m */,
				B00AD69A18C45E470005A552 /* FilterList-Prefix.pch */,
			);
			name = "Supporting Files";
			sourceTree = "<group>";
		};
		B00AD6B818C45E480005A552 /* FilterListTests */ = {
			isa = PBXGroup;
			children = (
				B00AD6BE18C45E480005A552 /* InboxListTests.m */,
				B00AD6B918C45E480005A552 /* Supporting Files */,
			);
			name = FilterListTests;
			path = InboxListTests;
			sourceTree = "<group>";
		};
		B00AD6B918C45E480005A552 /* Supporting Files */ = {
			isa = PBXGroup;
			children = (
				B00AD6BA18C45E480005A552 /* FilterListTests-Info.plist */,
				B00AD6BB18C45E480005A552 /* InfoPlist.strings */,
			);
			name = "Supporting Files";
			sourceTree = "<group>";
		};
		B03E6C1B18CAA383007703B8 /* ManagedObject */ = {
			isa = PBXGroup;
			children = (
				B0C95D6B19D5667800F32F6C /* Filter.h */,
				B0C95D6C19D5667800F32F6C /* Filter.m */,
				B0C95D6819D5667700F32F6C /* Item.h */,
				B0C95D6919D5667700F32F6C /* Item.m */,
				B0C95D6519D5661C00F32F6C /* Tag.h */,
				B0C95D6619D5661C00F32F6C /* Tag.m */,
			);
			name = ManagedObject;
			sourceTree = "<group>";
		};
		B03F2BD2194D75F40037AE2C /* Resource */ = {
			isa = PBXGroup;
			children = (
				B0D7BFB419F257A4006EDCAB /* CellCheckBox */,
				B0D7BFB519F257B1006EDCAB /* NavigationBarItem */,
				B0D7BFB319F256DF006EDCAB /* TabBarItem */,
				B0531997199FC92C00F63783 /* filtertab.png */,
				B0531998199FC92C00F63783 /* itemtab.png */,
				B0531999199FC92C00F63783 /* tagtab.png */,
				B0531995199FC79C00F63783 /* completedtab.png */,
			);
			name = Resource;
			sourceTree = "<group>";
		};
		B0501AEA199E56DC00A58C2D /* FilterCell */ = {
			isa = PBXGroup;
			children = (
				B053050319EAB46600E87C64 /* FilterCell.h */,
				B053050419EAB46600E87C64 /* FilterCell.m */,
				B053050519EAB46600E87C64 /* FilterCell.xib */,
			);
			name = FilterCell;
			sourceTree = "<group>";
		};
		B053050219EA601C00E87C64 /* InputFilterView */ = {
			isa = PBXGroup;
			children = (
				B05304FF19EA486D00E87C64 /* InputFilterViewController.h */,
				B053050019EA486D00E87C64 /* InputFilterViewController.m */,
			);
			name = InputFilterView;
			sourceTree = "<group>";
		};
		B05319A2199FD47700F63783 /* InputTagViewController */ = {
			isa = PBXGroup;
			children = (
				B053199D199FD46F00F63783 /* InputTagViewController.h */,
				B053199E199FD46F00F63783 /* InputTagViewController.m */,
				B053199F199FD46F00F63783 /* InputTagViewController.xib */,
			);
			name = InputTagViewController;
			sourceTree = "<group>";
		};
		B05FA8201982AE8900E25FAF /* TabBar */ = {
			isa = PBXGroup;
			children = (
				B05FA8211982B20200E25FAF /* TabBar.h */,
				B05FA8221982B20C00E25FAF /* TabBar.m */,
			);
			name = TabBar;
			path = ..;
			sourceTree = "<group>";
		};
		B06D719B198D3BE1001A9F91 /* TagCell */ = {
			isa = PBXGroup;
			children = (
				B056F7C9198D394800768E8E /* TagCell.xib */,
				B06D7198198D3BDA001A9F91 /* TagCell.h */,
				B06D7199198D3BDA001A9F91 /* TagCell.m */,
			);
			name = TagCell;
			sourceTree = "<group>";
		};
		B083521619CD59EF00071EE0 /* InputHeaderCell */ = {
			isa = PBXGroup;
			children = (
				B083521119CD59EC00071EE0 /* InputHeaderCell.h */,
				B083521219CD59EC00071EE0 /* InputHeaderCell.m */,
				B083521319CD59EC00071EE0 /* InputHeaderCell.xib */,
			);
			name = InputHeaderCell;
			sourceTree = "<group>";
		};
		B08CDBB219C553D1008263AC /* TitleCell */ = {
			isa = PBXGroup;
			children = (
				B08CDBAD19C553CC008263AC /* ItemDetailTitleCell.h */,
				B08CDBAE19C553CC008263AC /* ItemDetailTitleCell.m */,
				B08CDBAF19C553CC008263AC /* ItemDetailTitleCell.xib */,
			);
			name = TitleCell;
			sourceTree = "<group>";
		};
		B08CDBB819C559BC008263AC /* TagCell */ = {
			isa = PBXGroup;
			children = (
				B08CDBB319C559B8008263AC /* ItemDetailTagCell.h */,
				B08CDBB419C559B8008263AC /* ItemDetailTagCell.m */,
				B08CDBB519C559B8008263AC /* ItemDetailTagCell.xib */,
			);
			name = TagCell;
			sourceTree = "<group>";
		};
		B08CDBBE19C55BB3008263AC /* DateCell */ = {
			isa = PBXGroup;
			children = (
				B08CDBB919C55BAF008263AC /* ItemDetailDateCell.h */,
				B08CDBBA19C55BAF008263AC /* ItemDetailDateCell.m */,
				B08CDBBB19C55BAF008263AC /* ItemDetailDateCell.xib */,
			);
			name = DateCell;
			sourceTree = "<group>";
		};
		B08CDBC419C55BEF008263AC /* DatePickerCell */ = {
			isa = PBXGroup;
			children = (
				B08CDBBF19C55BED008263AC /* ItemDetailDatePickerCell.h */,
				B08CDBC019C55BED008263AC /* ItemDetailDatePickerCell.m */,
				B08CDBC119C55BED008263AC /* ItemDetailDatePickerCell.xib */,
			);
			name = DatePickerCell;
			sourceTree = "<group>";
		};
		B08EBBC219703EBC00DB9582 /* FilterMode */ = {
			isa = PBXGroup;
			children = (
				B08EBBBF19703EB200DB9582 /* FilterViewController.h */,
				B08EBBC019703EB200DB9582 /* FilterViewController.m */,
				B053050219EA601C00E87C64 /* InputFilterView */,
				B0501AEA199E56DC00A58C2D /* FilterCell */,
			);
			name = FilterMode;
			sourceTree = "<group>";
		};
		B08EBBC319703ED000DB9582 /* TagMode */ = {
			isa = PBXGroup;
			children = (
				B0808047195825A3007D21E4 /* TagViewController.h */,
				B0808048195825A3007D21E4 /* TagViewController.m */,
				B06D719B198D3BE1001A9F91 /* TagCell */,
				B05319A2199FD47700F63783 /* InputTagViewController */,
			);
			name = TagMode;
			sourceTree = "<group>";
		};
		B08EBBC419703ED700DB9582 /* AppDelegate */ = {
			isa = PBXGroup;
			children = (
				B00AD69B18C45E470005A552 /* AppDelegate.h */,
				B00AD69C18C45E470005A552 /* AppDelegate.m */,
			);
			name = AppDelegate;
			sourceTree = "<group>";
		};
		B0A0914E19CD322E005CDCF8 /* ListModeViewController */ = {
			isa = PBXGroup;
			children = (
				B0BE423819E2E62C0033F169 /* ListViewController.h */,
				B0BE423919E2E62C0033F169 /* ListViewController.m */,
				B0E7571419499EAA004C6344 /* ItemMode */,
				B08EBBC319703ED000DB9582 /* TagMode */,
				B08EBBC219703EBC00DB9582 /* FilterMode */,
				B0AD8C7019D12AFA0069B29D /* CompleteMode */,
			);
			name = ListModeViewController;
			sourceTree = "<group>";
		};
		B0AD8C7019D12AFA0069B29D /* CompleteMode */ = {
			isa = PBXGroup;
			children = (
				B0E532FB19E38C49005A53B1 /* CompleteViewController.h */,
				B0E532FC19E38C49005A53B1 /* CompleteViewController.m */,
				B0E5330A19E3EC8B005A53B1 /* CompleteCell */,
			);
			name = CompleteMode;
			sourceTree = "<group>";
		};
		B0AD8C7619D12BDC0069B29D /* Utility */ = {
			isa = PBXGroup;
			children = (
				B0AD8C7719D12C070069B29D /* TagLabel.h */,
				B0AD8C7819D12C070069B29D /* TagLabel.m */,
			);
			name = Utility;
			sourceTree = "<group>";
		};
		B0BC6A8E19A9CDCC00E53AEF /* TagSelectViewController */ = {
			isa = PBXGroup;
			children = (
				B0BC6A9419A9FAA600E53AEF /* TagSelectCell */,
				B0BC6A8919A9CDC700E53AEF /* TagSelectViewController.h */,
				B0BC6A8A19A9CDC700E53AEF /* TagSelectViewController.m */,
				B0BC6A8B19A9CDC700E53AEF /* TagSelectViewController.xib */,
			);
			name = TagSelectViewController;
			sourceTree = "<group>";
		};
		B0BC6A9419A9FAA600E53AEF /* TagSelectCell */ = {
			isa = PBXGroup;
			children = (
				B0BC6A8F19A9FA9800E53AEF /* TagSelectCell.h */,
				B0BC6A9019A9FA9800E53AEF /* TagSelectCell.m */,
				B0BC6A9119A9FA9800E53AEF /* TagSelectCell.xib */,
			);
			name = TagSelectCell;
			sourceTree = "<group>";
		};
		B0BDA8821996563C003AA40B /* CoreData */ = {
			isa = PBXGroup;
			children = (
				B0BDA87F19965639003AA40B /* CoreDataController.h */,
				B0BDA88019965639003AA40B /* CoreDataController.m */,
				B03E6C1B18CAA383007703B8 /* ManagedObject */,
			);
			name = CoreData;
			sourceTree = "<group>";
		};
		B0C93A1A194C4AB600733BE7 /* NavigationController */ = {
			isa = PBXGroup;
			children = (
				B08F4B631915FAC80047E210 /* NavigationController.h */,
				B08F4B641915FAC80047E210 /* NavigationController.m */,
				B0E5330119E3C0B3005A53B1 /* ItemListNav */,
				B0E5330219E3C0BB005A53B1 /* TagListNav */,
				B0E5330319E3C0C2005A53B1 /* FilterListNav */,
				B0E5330419E3C0C9005A53B1 /* CompleteListNav */,
			);
			name = NavigationController;
			sourceTree = "<group>";
		};
		B0D7BFB319F256DF006EDCAB /* TabBarItem */ = {
			isa = PBXGroup;
			children = (
				B0D7BFAF19F256CD006EDCAB /* ItemTabBarItem.png */,
				B0D7BFB119F256DA006EDCAB /* TagTabBarItem.png */,
				B0D7BFAD19F24C79006EDCAB /* FilterTabBarItem.png */,
			);
			name = TabBarItem;
			sourceTree = "<group>";
		};
		B0D7BFB419F257A4006EDCAB /* CellCheckBox */ = {
			isa = PBXGroup;
			children = (
				B0264E2C19EE51620066C44E /* checked.png */,
				B0264E2D19EE51620066C44E /* unchecked.png */,
			);
			name = CellCheckBox;
			sourceTree = "<group>";
		};
		B0D7BFB519F257B1006EDCAB /* NavigationBarItem */ = {
			isa = PBXGroup;
			children = (
				B0D7BFAB19F245A6006EDCAB /* EditBarItem.png */,
			);
			name = NavigationBarItem;
			sourceTree = "<group>";
		};
		B0E5330119E3C0B3005A53B1 /* ItemListNav */ = {
			isa = PBXGroup;
			children = (
				B08C33A319A84E4F00AB5F25 /* ItemNavigationController.h */,
				B08C33A419A84E4F00AB5F25 /* ItemNavigationController.m */,
			);
			name = ItemListNav;
			sourceTree = "<group>";
		};
		B0E5330219E3C0BB005A53B1 /* TagListNav */ = {
			isa = PBXGroup;
			children = (
				B0E4690C19A84B99008B3150 /* TagNavigationController.h */,
				B0E4690D19A84B99008B3150 /* TagNavigationController.m */,
			);
			name = TagListNav;
			sourceTree = "<group>";
		};
		B0E5330319E3C0C2005A53B1 /* FilterListNav */ = {
			isa = PBXGroup;
			children = (
				B0E4691219A84BC3008B3150 /* FilterNavigationController.h */,
				B0E4691319A84BC3008B3150 /* FilterNavigationController.m */,
			);
			name = FilterListNav;
			sourceTree = "<group>";
		};
		B0E5330419E3C0C9005A53B1 /* CompleteListNav */ = {
			isa = PBXGroup;
			children = (
				B0E532FE19E398ED005A53B1 /* CompleteNavigationController.h */,
				B0E532FF19E398ED005A53B1 /* CompleteNavigationController.m */,
			);
			name = CompleteListNav;
			sourceTree = "<group>";
		};
		B0E5330A19E3EC8B005A53B1 /* CompleteCell */ = {
			isa = PBXGroup;
			children = (
				B0E5330519E3EC85005A53B1 /* CompleteCell.h */,
				B0E5330619E3EC85005A53B1 /* CompleteCell.m */,
				B0E5330719E3EC85005A53B1 /* CompleteCell.xib */,
			);
			name = CompleteCell;
			sourceTree = "<group>";
		};
		B0E7571219499D98004C6344 /* ItemCell */ = {
			isa = PBXGroup;
			children = (
				B0DABFAB1914CC50007597E3 /* ItemCell.h */,
				B0DABFAC1914CC50007597E3 /* ItemCell.m */,
				B06D719C198D43A8001A9F91 /* ItemCell.xib */,
			);
			name = ItemCell;
			sourceTree = "<group>";
		};
		B0E7571319499E95004C6344 /* ItemDetailView */ = {
			isa = PBXGroup;
			children = (
				B00AD6A718C45E470005A552 /* ItemDetailViewController.h */,
				B00AD6A818C45E470005A552 /* ItemDetailViewController.m */,
				B06894E6198D544F000A4DCB /* ItemDetailViewController.xib */,
				B08CDBC419C55BEF008263AC /* DatePickerCell */,
				B08CDBBE19C55BB3008263AC /* DateCell */,
				B08CDBB819C559BC008263AC /* TagCell */,
				B08CDBB219C553D1008263AC /* TitleCell */,
			);
			name = ItemDetailView;
			sourceTree = "<group>";
		};
		B0E7571419499EAA004C6344 /* ItemMode */ = {
			isa = PBXGroup;
			children = (
				B00AD6A418C45E470005A552 /* ItemViewController.h */,
				B00AD6A518C45E470005A552 /* ItemViewController.m */,
				B0E7571219499D98004C6344 /* ItemCell */,
				B083521619CD59EF00071EE0 /* InputHeaderCell */,
				B0BC6A8E19A9CDCC00E53AEF /* TagSelectViewController */,
				B0E7571319499E95004C6344 /* ItemDetailView */,
			);
			name = ItemMode;
			sourceTree = "<group>";
		};
/* End PBXGroup section */

/* Begin PBXNativeTarget section */
		B00AD68618C45E470005A552 /* FilterList */ = {
			isa = PBXNativeTarget;
			buildConfigurationList = B00AD6C218C45E480005A552 /* Build configuration list for PBXNativeTarget "FilterList" */;
			buildPhases = (
				B00AD68318C45E470005A552 /* Sources */,
				B00AD68418C45E470005A552 /* Frameworks */,
				B00AD68518C45E470005A552 /* Resources */,
			);
			buildRules = (
			);
			dependencies = (
			);
			name = FilterList;
			productName = InboxList;
			productReference = B00AD68718C45E470005A552 /* FilterList.app */;
			productType = "com.apple.product-type.application";
		};
		B00AD6AF18C45E480005A552 /* FilterListTests */ = {
			isa = PBXNativeTarget;
			buildConfigurationList = B00AD6C518C45E480005A552 /* Build configuration list for PBXNativeTarget "FilterListTests" */;
			buildPhases = (
				B00AD6AC18C45E480005A552 /* Sources */,
				B00AD6AD18C45E480005A552 /* Frameworks */,
				B00AD6AE18C45E480005A552 /* Resources */,
			);
			buildRules = (
			);
			dependencies = (
				B00AD6B718C45E480005A552 /* PBXTargetDependency */,
			);
			name = FilterListTests;
			productName = InboxListTests;
			productReference = B00AD6B018C45E480005A552 /* FilterListTests.xctest */;
			productType = "com.apple.product-type.bundle.unit-test";
		};
/* End PBXNativeTarget section */

/* Begin PBXProject section */
		B00AD67F18C45E470005A552 /* Project object */ = {
			isa = PBXProject;
			attributes = {
				LastUpgradeCheck = 0510;
				ORGANIZATIONNAME = "Naoki Ueda";
				TargetAttributes = {
					B00AD68618C45E470005A552 = {
						DevelopmentTeam = Q23X2ZEG5Y;
					};
					B00AD6AF18C45E480005A552 = {
						TestTargetID = B00AD68618C45E470005A552;
					};
				};
			};
			buildConfigurationList = B00AD68218C45E470005A552 /* Build configuration list for PBXProject "FilterList" */;
			compatibilityVersion = "Xcode 3.2";
			developmentRegion = English;
			hasScannedForEncodings = 0;
			knownRegions = (
				en,
				Base,
			);
			mainGroup = B00AD67E18C45E470005A552;
			productRefGroup = B00AD68818C45E470005A552 /* Products */;
			projectDirPath = "";
			projectRoot = "";
			targets = (
				B00AD68618C45E470005A552 /* FilterList */,
				B00AD6AF18C45E480005A552 /* FilterListTests */,
			);
		};
/* End PBXProject section */

/* Begin PBXResourcesBuildPhase section */
		B00AD68518C45E470005A552 /* Resources */ = {
			isa = PBXResourcesBuildPhase;
			buildActionMask = 2147483647;
			files = (
				B056F7CA198D394800768E8E /* TagCell.xib in Resources */,
				B0264E2E19EE51620066C44E /* checked.png in Resources */,
				B0D7BFB219F256DA006EDCAB /* TagTabBarItem.png in Resources */,
				B0531996199FC79C00F63783 /* completedtab.png in Resources */,
				B00AD6AB18C45E470005A552 /* Images.xcassets in Resources */,
				B08CDBB719C559B8008263AC /* ItemDetailTagCell.xib in Resources */,
				B053199C199FC92C00F63783 /* tagtab.png in Resources */,
				B08CDBBD19C55BAF008263AC /* ItemDetailDateCell.xib in Resources */,
				B06D719D198D43A8001A9F91 /* ItemCell.xib in Resources */,
				B05319A1199FD46F00F63783 /* InputTagViewController.xib in Resources */,
				B0BC6A8D19A9CDC700E53AEF /* TagSelectViewController.xib in Resources */,
				B0D7BFAE19F24C79006EDCAB /* FilterTabBarItem.png in Resources */,
				B053199B199FC92C00F63783 /* itemtab.png in Resources */,
				B08CDBC319C55BED008263AC /* ItemDetailDatePickerCell.xib in Resources */,
				B053199A199FC92C00F63783 /* filtertab.png in Resources */,
				B08CDBB119C553CC008263AC /* ItemDetailTitleCell.xib in Resources */,
				B0D7BFB019F256CD006EDCAB /* ItemTabBarItem.png in Resources */,
				B0E5330919E3EC85005A53B1 /* CompleteCell.xib in Resources */,
				B0264E2F19EE51620066C44E /* unchecked.png in Resources */,
				B0BC6A9319A9FA9800E53AEF /* TagSelectCell.xib in Resources */,
				B083521519CD59EC00071EE0 /* InputHeaderCell.xib in Resources */,
				B00AD69718C45E470005A552 /* InfoPlist.strings in Resources */,
				B06894E7198D544F000A4DCB /* ItemDetailViewController.xib in Resources */,
				B0D7BFAC19F245A6006EDCAB /* EditBarItem.png in Resources */,
				B053050719EAB46600E87C64 /* FilterCell.xib in Resources */,
			);
			runOnlyForDeploymentPostprocessing = 0;
		};
		B00AD6AE18C45E480005A552 /* Resources */ = {
			isa = PBXResourcesBuildPhase;
			buildActionMask = 2147483647;
			files = (
				B00AD6BD18C45E480005A552 /* InfoPlist.strings in Resources */,
			);
			runOnlyForDeploymentPostprocessing = 0;
		};
/* End PBXResourcesBuildPhase section */

/* Begin PBXSourcesBuildPhase section */
		B00AD68318C45E470005A552 /* Sources */ = {
			isa = PBXSourcesBuildPhase;
			buildActionMask = 2147483647;
			files = (
				B083521419CD59EC00071EE0 /* InputHeaderCell.m in Sources */,
				B06D719A198D3BDA001A9F91 /* TagCell.m in Sources */,
				B0BE423A19E2E62C0033F169 /* ListViewController.m in Sources */,
				B0C95D6A19D5667700F32F6C /* Item.m in Sources */,
				B0E5330019E398ED005A53B1 /* CompleteNavigationController.m in Sources */,
				B0E4691419A84BC3008B3150 /* FilterNavigationController.m in Sources */,
				B00AD6A918C45E470005A552 /* ItemDetailViewController.m in Sources */,
				B0BC6A8C19A9CDC700E53AEF /* TagSelectViewController.m in Sources */,
				B0BDA88119965639003AA40B /* CoreDataController.m in Sources */,
				B0BC6A9219A9FA9800E53AEF /* TagSelectCell.m in Sources */,
				B0C95D6D19D5667800F32F6C /* Filter.m in Sources */,
				B0E532FD19E38C49005A53B1 /* CompleteViewController.m in Sources */,
				B00AD6A618C45E470005A552 /* ItemViewController.m in Sources */,
				B08EBBC119703EB200DB9582 /* FilterViewController.m in Sources */,
				B053050119EA486D00E87C64 /* InputFilterViewController.m in Sources */,
				B08CDBB619C559B8008263AC /* ItemDetailTagCell.m in Sources */,
				B08C33A519A84E4F00AB5F25 /* ItemNavigationController.m in Sources */,
				B00AD6A318C45E470005A552 /* InboxList.xcdatamodeld in Sources */,
				B0AD8C7919D12C070069B29D /* TagLabel.m in Sources */,
				B0808049195825A3007D21E4 /* TagViewController.m in Sources */,
				B08CDBB019C553CC008263AC /* ItemDetailTitleCell.m in Sources */,
				B05319A0199FD46F00F63783 /* InputTagViewController.m in Sources */,
				B0E5330819E3EC85005A53B1 /* CompleteCell.m in Sources */,
				B00AD69D18C45E470005A552 /* AppDelegate.m in Sources */,
				B080804C19582CF6007D21E4 /* MainViewController.m in Sources */,
				B00AD69918C45E470005A552 /* main.m in Sources */,
				B08F4B651915FAC80047E210 /* NavigationController.m in Sources */,
				B08CDBBC19C55BAF008263AC /* ItemDetailDateCell.m in Sources */,
				B0DABFAD1914CC50007597E3 /* ItemCell.m in Sources */,
				B0E4690E19A84B99008B3150 /* TagNavigationController.m in Sources */,
				B0C95D6719D5661C00F32F6C /* Tag.m in Sources */,
				B05FA8231982B20C00E25FAF /* TabBar.m in Sources */,
				B08CDBC219C55BED008263AC /* ItemDetailDatePickerCell.m in Sources */,
				B053050619EAB46600E87C64 /* FilterCell.m in Sources */,
			);
			runOnlyForDeploymentPostprocessing = 0;
		};
		B00AD6AC18C45E480005A552 /* Sources */ = {
			isa = PBXSourcesBuildPhase;
			buildActionMask = 2147483647;
			files = (
				B00AD6BF18C45E480005A552 /* InboxListTests.m in Sources */,
			);
			runOnlyForDeploymentPostprocessing = 0;
		};
/* End PBXSourcesBuildPhase section */

/* Begin PBXTargetDependency section */
		B00AD6B718C45E480005A552 /* PBXTargetDependency */ = {
			isa = PBXTargetDependency;
			target = B00AD68618C45E470005A552 /* FilterList */;
			targetProxy = B00AD6B618C45E480005A552 /* PBXContainerItemProxy */;
		};
/* End PBXTargetDependency section */

/* Begin PBXVariantGroup section */
		B00AD69518C45E470005A552 /* InfoPlist.strings */ = {
			isa = PBXVariantGroup;
			children = (
				B00AD69618C45E470005A552 /* en */,
			);
			name = InfoPlist.strings;
			sourceTree = "<group>";
		};
		B00AD6BB18C45E480005A552 /* InfoPlist.strings */ = {
			isa = PBXVariantGroup;
			children = (
				B00AD6BC18C45E480005A552 /* en */,
			);
			name = InfoPlist.strings;
			sourceTree = "<group>";
		};
/* End PBXVariantGroup section */

/* Begin XCBuildConfiguration section */
		B00AD6C018C45E480005A552 /* Debug */ = {
			isa = XCBuildConfiguration;
			buildSettings = {
				ALWAYS_SEARCH_USER_PATHS = NO;
				CLANG_CXX_LANGUAGE_STANDARD = "gnu++0x";
				CLANG_CXX_LIBRARY = "libc++";
				CLANG_ENABLE_MODULES = YES;
				CLANG_ENABLE_OBJC_ARC = YES;
				CLANG_WARN_BOOL_CONVERSION = YES;
				CLANG_WARN_CONSTANT_CONVERSION = YES;
				CLANG_WARN_DIRECT_OBJC_ISA_USAGE = YES_ERROR;
				CLANG_WARN_EMPTY_BODY = YES;
				CLANG_WARN_ENUM_CONVERSION = YES;
				CLANG_WARN_INT_CONVERSION = YES;
				CLANG_WARN_OBJC_ROOT_CLASS = YES_ERROR;
				CLANG_WARN__DUPLICATE_METHOD_MATCH = YES;
				"CODE_SIGN_IDENTITY[sdk=*]" = "iPhone Distribution: NAOKI UEDA (Q23X2ZEG5Y)";
				COPY_PHASE_STRIP = NO;
				GCC_C_LANGUAGE_STANDARD = gnu99;
				GCC_DYNAMIC_NO_PIC = NO;
				GCC_OPTIMIZATION_LEVEL = 0;
				GCC_PREPROCESSOR_DEFINITIONS = (
					"DEBUG=1",
					"$(inherited)",
				);
				GCC_SYMBOLS_PRIVATE_EXTERN = NO;
				GCC_WARN_64_TO_32_BIT_CONVERSION = YES;
				GCC_WARN_ABOUT_RETURN_TYPE = YES_ERROR;
				GCC_WARN_UNDECLARED_SELECTOR = YES;
				GCC_WARN_UNINITIALIZED_AUTOS = YES;
				GCC_WARN_UNUSED_FUNCTION = YES;
				GCC_WARN_UNUSED_VARIABLE = YES;
				IPHONEOS_DEPLOYMENT_TARGET = 7.1;
				ONLY_ACTIVE_ARCH = YES;
				PROVISIONING_PROFILE = "FDD766C9-2130-4C9D-A18F-A863C431068C";
				SDKROOT = iphoneos;
			};
			name = Debug;
		};
		B00AD6C118C45E480005A552 /* Release */ = {
			isa = XCBuildConfiguration;
			buildSettings = {
				ALWAYS_SEARCH_USER_PATHS = NO;
				CLANG_CXX_LANGUAGE_STANDARD = "gnu++0x";
				CLANG_CXX_LIBRARY = "libc++";
				CLANG_ENABLE_MODULES = YES;
				CLANG_ENABLE_OBJC_ARC = YES;
				CLANG_WARN_BOOL_CONVERSION = YES;
				CLANG_WARN_CONSTANT_CONVERSION = YES;
				CLANG_WARN_DIRECT_OBJC_ISA_USAGE = YES_ERROR;
				CLANG_WARN_EMPTY_BODY = YES;
				CLANG_WARN_ENUM_CONVERSION = YES;
				CLANG_WARN_INT_CONVERSION = YES;
				CLANG_WARN_OBJC_ROOT_CLASS = YES_ERROR;
				CLANG_WARN__DUPLICATE_METHOD_MATCH = YES;
				"CODE_SIGN_IDENTITY[sdk=*]" = "iPhone Distribution: NAOKI UEDA (Q23X2ZEG5Y)";
				COPY_PHASE_STRIP = YES;
				ENABLE_NS_ASSERTIONS = NO;
				GCC_C_LANGUAGE_STANDARD = gnu99;
				GCC_WARN_64_TO_32_BIT_CONVERSION = YES;
				GCC_WARN_ABOUT_RETURN_TYPE = YES_ERROR;
				GCC_WARN_UNDECLARED_SELECTOR = YES;
				GCC_WARN_UNINITIALIZED_AUTOS = YES;
				GCC_WARN_UNUSED_FUNCTION = YES;
				GCC_WARN_UNUSED_VARIABLE = YES;
				IPHONEOS_DEPLOYMENT_TARGET = 7.1;
				PROVISIONING_PROFILE = "FDD766C9-2130-4C9D-A18F-A863C431068C";
				SDKROOT = iphoneos;
				VALIDATE_PRODUCT = YES;
			};
			name = Release;
		};
		B00AD6C318C45E480005A552 /* Debug */ = {
			isa = XCBuildConfiguration;
			buildSettings = {
				ASSETCATALOG_COMPILER_APPICON_NAME = AppIcon;
				ASSETCATALOG_COMPILER_LAUNCHIMAGE_NAME = LaunchImage;
				CODE_SIGN_IDENTITY = "iPhone Developer";
				"CODE_SIGN_IDENTITY[sdk=iphoneos*]" = "iPhone Developer";
				FRAMEWORK_SEARCH_PATHS = (
					"$(inherited)",
					"$(DEVELOPER_FRAMEWORKS_DIR)",
				);
				GCC_PRECOMPILE_PREFIX_HEADER = YES;
				GCC_PREFIX_HEADER = "InboxList/FilterList-Prefix.pch";
				INFOPLIST_FILE = "InboxList/FilterList-Info.plist";
				IPHONEOS_DEPLOYMENT_TARGET = 7.1;
				LIBRARY_SEARCH_PATHS = (
					"$(inherited)",
					"$(SYSTEM_LIBRARY_DIR)/Frameworks/AppKit.framework/Versions/C",
				);
				PRODUCT_NAME = FilterList;
				PROVISIONING_PROFILE = "";
				WRAPPER_EXTENSION = app;
			};
			name = Debug;
		};
		B00AD6C418C45E480005A552 /* Release */ = {
			isa = XCBuildConfiguration;
			buildSettings = {
				ASSETCATALOG_COMPILER_APPICON_NAME = AppIcon;
				ASSETCATALOG_COMPILER_LAUNCHIMAGE_NAME = LaunchImage;
				CODE_SIGN_IDENTITY = "iPhone Developer";
				"CODE_SIGN_IDENTITY[sdk=iphoneos*]" = "iPhone Developer";
				FRAMEWORK_SEARCH_PATHS = (
					"$(inherited)",
					"$(DEVELOPER_FRAMEWORKS_DIR)",
				);
				GCC_PRECOMPILE_PREFIX_HEADER = YES;
				GCC_PREFIX_HEADER = "InboxList/FilterList-Prefix.pch";
				INFOPLIST_FILE = "InboxList/FilterList-Info.plist";
				IPHONEOS_DEPLOYMENT_TARGET = 7.1;
				LIBRARY_SEARCH_PATHS = (
					"$(inherited)",
					"$(SYSTEM_LIBRARY_DIR)/Frameworks/AppKit.framework/Versions/C",
				);
				PRODUCT_NAME = FilterList;
				PROVISIONING_PROFILE = "";
				WRAPPER_EXTENSION = app;
			};
			name = Release;
		};
		B00AD6C618C45E480005A552 /* Debug */ = {
			isa = XCBuildConfiguration;
			buildSettings = {
				BUNDLE_LOADER = "$(BUILT_PRODUCTS_DIR)/InboxList.app/InboxList";
				FRAMEWORK_SEARCH_PATHS = (
					"$(SDKROOT)/Developer/Library/Frameworks",
					"$(inherited)",
					"$(DEVELOPER_FRAMEWORKS_DIR)",
				);
				GCC_PRECOMPILE_PREFIX_HEADER = YES;
				GCC_PREFIX_HEADER = "InboxList/InboxList-Prefix.pch";
				GCC_PREPROCESSOR_DEFINITIONS = (
					"DEBUG=1",
					"$(inherited)",
				);
				INFOPLIST_FILE = "InboxListTests/FilterListTests-Info.plist";
				PRODUCT_NAME = FilterListTests;
				TEST_HOST = "$(BUNDLE_LOADER)";
				WRAPPER_EXTENSION = xctest;
			};
			name = Debug;
		};
		B00AD6C718C45E480005A552 /* Release */ = {
			isa = XCBuildConfiguration;
			buildSettings = {
				BUNDLE_LOADER = "$(BUILT_PRODUCTS_DIR)/InboxList.app/InboxList";
				FRAMEWORK_SEARCH_PATHS = (
					"$(SDKROOT)/Developer/Library/Frameworks",
					"$(inherited)",
					"$(DEVELOPER_FRAMEWORKS_DIR)",
				);
				GCC_PRECOMPILE_PREFIX_HEADER = YES;
				GCC_PREFIX_HEADER = "InboxList/InboxList-Prefix.pch";
				INFOPLIST_FILE = "InboxListTests/FilterListTests-Info.plist";
				PRODUCT_NAME = FilterListTests;
				TEST_HOST = "$(BUNDLE_LOADER)";
				WRAPPER_EXTENSION = xctest;
			};
			name = Release;
		};
/* End XCBuildConfiguration section */

/* Begin XCConfigurationList section */
		B00AD68218C45E470005A552 /* Build configuration list for PBXProject "FilterList" */ = {
			isa = XCConfigurationList;
			buildConfigurations = (
				B00AD6C018C45E480005A552 /* Debug */,
				B00AD6C118C45E480005A552 /* Release */,
			);
			defaultConfigurationIsVisible = 0;
			defaultConfigurationName = Release;
		};
		B00AD6C218C45E480005A552 /* Build configuration list for PBXNativeTarget "FilterList" */ = {
			isa = XCConfigurationList;
			buildConfigurations = (
				B00AD6C318C45E480005A552 /* Debug */,
				B00AD6C418C45E480005A552 /* Release */,
			);
			defaultConfigurationIsVisible = 0;
			defaultConfigurationName = Release;
		};
		B00AD6C518C45E480005A552 /* Build configuration list for PBXNativeTarget "FilterListTests" */ = {
			isa = XCConfigurationList;
			buildConfigurations = (
				B00AD6C618C45E480005A552 /* Debug */,
				B00AD6C718C45E480005A552 /* Release */,
			);
			defaultConfigurationIsVisible = 0;
			defaultConfigurationName = Release;
		};
/* End XCConfigurationList section */

/* Begin XCVersionGroup section */
		B00AD6A118C45E470005A552 /* InboxList.xcdatamodeld */ = {
			isa = XCVersionGroup;
			children = (
				B0981E36194D5FF000F49C9F /* InboxList 2.xcdatamodel */,
				B00AD6A218C45E470005A552 /* InboxList.xcdatamodel */,
			);
			currentVersion = B0981E36194D5FF000F49C9F /* InboxList 2.xcdatamodel */;
			path = InboxList.xcdatamodeld;
			sourceTree = "<group>";
			versionGroupType = wrapper.xcdatamodel;
		};
/* End XCVersionGroup section */
	};
	rootObject = B00AD67F18C45E470005A552 /* Project object */;
}
